{
  "requires": true,
  "lockfileVersion": 1,
  "dependencies": {
    "react-native-form": {
      "version": "2.1.3",
      "resolved": "https://registry.npmjs.org/react-native-form/-/react-native-form-2.1.3.tgz",
      "integrity": "sha512-33XZ4tX9SEPDcd8jz0/D0IHUpn3oGPW3gtHB294SK3Bvi0XpSNRKMjydbmoO4tpNHVMnZKtCXrr0VAURn/kGXQ=="
    }
  }
}
